
Microsoft Visual Studio Solution File, Format Version 12.00
# Visual Studio Version 17
VisualStudioVersion = 17.12.35527.113 d17.12
MinimumVisualStudioVersion = 10.0.40219.1
Project("{FAE04EC0-301F-11D3-BF4B-00C04F79EFBC}") = "Snake", "Snake.csproj", "{50098CD1-BD20-4A04-AA95-BD39B282F0D1}"
EndProject
Project("{FAE04EC0-301F-11D3-BF4B-00C04F79EFBC}") = "Common", "..\Common\Common.csproj", "{88571D1B-8E80-411F-9734-644DE22857D0}"
EndProject
Global
	GlobalSection(SolutionConfigurationPlatforms) = preSolution
		Debug|Any CPU = Debug|Any CPU
		Release|Any CPU = Release|Any CPU
	EndGlobalSection
	GlobalSection(ProjectConfigurationPlatforms) = postSolution
		{50098CD1-BD20-4A04-AA95-BD39B282F0D1}.Debug|Any CPU.ActiveCfg = Debug|Any CPU
		{50098CD1-BD20-4A04-AA95-BD39B282F0D1}.Debug|Any CPU.Build.0 = Debug|Any CPU
		{50098CD1-BD20-4A04-AA95-BD39B282F0D1}.Release|Any CPU.ActiveCfg = Release|Any CPU
		{50098CD1-BD20-4A04-AA95-BD39B282F0D1}.Release|Any CPU.Build.0 = Release|Any CPU
		{88571D1B-8E80-411F-9734-644DE22857D0}.Debug|Any CPU.ActiveCfg = Debug|Any CPU
		{88571D1B-8E80-411F-9734-644DE22857D0}.Debug|Any CPU.Build.0 = Debug|Any CPU
		{88571D1B-8E80-411F-9734-644DE22857D0}.Release|Any CPU.ActiveCfg = Release|Any CPU
		{88571D1B-8E80-411F-9734-644DE22857D0}.Release|Any CPU.Build.0 = Release|Any CPU
	EndGlobalSection
	GlobalSection(SolutionProperties) = preSolution
		HideSolutionNode = FALSE
	EndGlobalSection
EndGlobal
